
Microsoft Visual Studio Solution File, Format Version 12.00
# Visual Studio 15
Project("{FAE04EC0-301F-11D3-BF4B-00C04F79EFBC}") = "Rave.NET.Mobile.Android", "Rave.NET.Mobile.Android\Rave.NET.Mobile.Android.csproj", "{32EC5E89-230F-473C-A91D-7C189533EC7A}"
EndProject
Project("{FAE04EC0-301F-11D3-BF4B-00C04F79EFBC}") = "Rave.NET.Mobile.iOS", "Rave.NET.Mobile.iOS\Rave.NET.Mobile.iOS.csproj", "{FB2141A0-336A-4D12-BD00-0AE8460E3441}"
EndProject
Project("{FAE04EC0-301F-11D3-BF4B-00C04F79EFBC}") = "Rave.NET.Mobile", "Rave.NET.Mobile\Rave.NET.Mobile.csproj", "{96CC99A3-A921-46AF-B9BA-BA167FD16795}"
EndProject
Global
	GlobalSection(SolutionConfigurationPlatforms) = preSolution
		Debug|Any CPU = Debug|Any CPU
		Release|Any CPU = Release|Any CPU
		Debug|iPhoneSimulator = Debug|iPhoneSimulator
		Release|iPhoneSimulator = Release|iPhoneSimulator
		Debug|iPhone = Debug|iPhone
		Release|iPhone = Release|iPhone
	EndGlobalSection
	GlobalSection(ProjectConfigurationPlatforms) = postSolution
		{32EC5E89-230F-473C-A91D-7C189533EC7A}.Debug|Any CPU.ActiveCfg = Debug|Any CPU
		{32EC5E89-230F-473C-A91D-7C189533EC7A}.Debug|Any CPU.Build.0 = Debug|Any CPU
		{32EC5E89-230F-473C-A91D-7C189533EC7A}.Release|Any CPU.ActiveCfg = Release|Any CPU
		{32EC5E89-230F-473C-A91D-7C189533EC7A}.Release|Any CPU.Build.0 = Release|Any CPU
		{32EC5E89-230F-473C-A91D-7C189533EC7A}.Debug|iPhoneSimulator.ActiveCfg = Debug|Any CPU
		{32EC5E89-230F-473C-A91D-7C189533EC7A}.Debug|iPhoneSimulator.Build.0 = Debug|Any CPU
		{32EC5E89-230F-473C-A91D-7C189533EC7A}.Release|iPhoneSimulator.ActiveCfg = Release|Any CPU
		{32EC5E89-230F-473C-A91D-7C189533EC7A}.Release|iPhoneSimulator.Build.0 = Release|Any CPU
		{32EC5E89-230F-473C-A91D-7C189533EC7A}.Debug|iPhone.ActiveCfg = Debug|Any CPU
		{32EC5E89-230F-473C-A91D-7C189533EC7A}.Debug|iPhone.Build.0 = Debug|Any CPU
		{32EC5E89-230F-473C-A91D-7C189533EC7A}.Release|iPhone.ActiveCfg = Release|Any CPU
		{32EC5E89-230F-473C-A91D-7C189533EC7A}.Release|iPhone.Build.0 = Release|Any CPU
		{FB2141A0-336A-4D12-BD00-0AE8460E3441}.Debug|Any CPU.ActiveCfg = Debug|iPhoneSimulator
		{FB2141A0-336A-4D12-BD00-0AE8460E3441}.Debug|Any CPU.Build.0 = Debug|iPhoneSimulator
		{FB2141A0-336A-4D12-BD00-0AE8460E3441}.Release|Any CPU.ActiveCfg = Release|iPhoneSimulator
		{FB2141A0-336A-4D12-BD00-0AE8460E3441}.Release|Any CPU.Build.0 = Release|iPhoneSimulator
		{FB2141A0-336A-4D12-BD00-0AE8460E3441}.Debug|iPhoneSimulator.ActiveCfg = Debug|iPhoneSimulator
		{FB2141A0-336A-4D12-BD00-0AE8460E3441}.Debug|iPhoneSimulator.Build.0 = Debug|iPhoneSimulator
		{FB2141A0-336A-4D12-BD00-0AE8460E3441}.Release|iPhoneSimulator.ActiveCfg = Release|iPhoneSimulator
		{FB2141A0-336A-4D12-BD00-0AE8460E3441}.Release|iPhoneSimulator.Build.0 = Release|iPhoneSimulator
		{FB2141A0-336A-4D12-BD00-0AE8460E3441}.Debug|iPhone.ActiveCfg = Debug|iPhone
		{FB2141A0-336A-4D12-BD00-0AE8460E3441}.Debug|iPhone.Build.0 = Debug|iPhone
		{FB2141A0-336A-4D12-BD00-0AE8460E3441}.Release|iPhone.ActiveCfg = Release|iPhone
		{FB2141A0-336A-4D12-BD00-0AE8460E3441}.Release|iPhone.Build.0 = Release|iPhone
		{96CC99A3-A921-46AF-B9BA-BA167FD16795}.Debug|Any CPU.ActiveCfg = Debug|Any CPU
		{96CC99A3-A921-46AF-B9BA-BA167FD16795}.Debug|Any CPU.Build.0 = Debug|Any CPU
		{96CC99A3-A921-46AF-B9BA-BA167FD16795}.Release|Any CPU.ActiveCfg = Release|Any CPU
		{96CC99A3-A921-46AF-B9BA-BA167FD16795}.Release|Any CPU.Build.0 = Release|Any CPU
		{96CC99A3-A921-46AF-B9BA-BA167FD16795}.Debug|iPhoneSimulator.ActiveCfg = Debug|Any CPU
		{96CC99A3-A921-46AF-B9BA-BA167FD16795}.Debug|iPhoneSimulator.Build.0 = Debug|Any CPU
		{96CC99A3-A921-46AF-B9BA-BA167FD16795}.Release|iPhoneSimulator.ActiveCfg = Release|Any CPU
		{96CC99A3-A921-46AF-B9BA-BA167FD16795}.Release|iPhoneSimulator.Build.0 = Release|Any CPU
		{96CC99A3-A921-46AF-B9BA-BA167FD16795}.Debug|iPhone.ActiveCfg = Debug|Any CPU
		{96CC99A3-A921-46AF-B9BA-BA167FD16795}.Debug|iPhone.Build.0 = Debug|Any CPU
		{96CC99A3-A921-46AF-B9BA-BA167FD16795}.Release|iPhone.ActiveCfg = Release|Any CPU
		{96CC99A3-A921-46AF-B9BA-BA167FD16795}.Release|iPhone.Build.0 = Release|Any CPU
	EndGlobalSection
EndGlobal
